# THIS IS AN AUTOGENERATED FILE. DO NOT EDIT THIS FILE DIRECTLY.
# yarn lockfile v1


"@babel/code-frame@^7.16.7":
  version "7.16.7"
  resolved "https://registry.npmjs.org/@babel/code-frame/-/code-frame-7.16.7.tgz"
  integrity sha512-iAXqUn8IIeBTNd72xsFlgaXHkMBMt6y4HJp1tIaK465CWLT/fG1aqB7ykr95gHHmlBdGbFeWWfyB4NJJ0nmeIg==
  dependencies:
    "@babel/highlight" "^7.16.7"

"@babel/helper-validator-identifier@^7.16.7":
  version "7.16.7"
  resolved "https://registry.npmjs.org/@babel/helper-validator-identifier/-/helper-validator-identifier-7.16.7.tgz"
  integrity sha512-hsEnFemeiW4D08A5gUAZxLBTXpZ39P+a+DGDsHw1yxqyQ/jzFEnxf5uTEGp+3bzAbNOxU1paTgYS4ECU/IgfDw==

"@babel/highlight@^7.16.7":
  version "7.17.12"
  resolved "https://registry.npmjs.org/@babel/highlight/-/highlight-7.17.12.tgz"
  integrity sha512-7yykMVF3hfZY2jsHZEEgLc+3x4o1O+fYyULu11GynEUQNwB6lua+IIQn1FiJxNucd5UlyJryrwsOh8PL9Sn8Qg==
  dependencies:
    "@babel/helper-validator-identifier" "^7.16.7"
    chalk "^2.0.0"
    js-tokens "^4.0.0"

"@cspotcode/source-map-support@^0.8.0":
  version "0.8.1"
  resolved "https://registry.npmjs.org/@cspotcode/source-map-support/-/source-map-support-0.8.1.tgz"
  integrity sha512-IchNf6dN4tHoMFIn/7OE8LWZ19Y6q/67Bmf6vnGREv8RSbBVb9LPJxEcnwrcwX6ixSvaiGoomAUvu4YSxXrVgw==
  dependencies:
    "@jridgewell/trace-mapping" "0.3.9"

"@jridgewell/resolve-uri@^3.0.3":
  version "3.0.7"
  resolved "https://registry.npmjs.org/@jridgewell/resolve-uri/-/resolve-uri-3.0.7.tgz"
  integrity sha512-8cXDaBBHOr2pQ7j77Y6Vp5VDT2sIqWyWQ56TjEq4ih/a4iST3dItRe8Q9fp0rrIl9DoKhWQtUQz/YpOxLkXbNA==

"@jridgewell/sourcemap-codec@^1.4.10":
  version "1.4.13"
  resolved "https://registry.npmjs.org/@jridgewell/sourcemap-codec/-/sourcemap-codec-1.4.13.tgz"
  integrity sha512-GryiOJmNcWbovBxTfZSF71V/mXbgcV3MewDe3kIMCLyIh5e7SKAeUZs+rMnJ8jkMolZ/4/VsdBmMrw3l+VdZ3w==

"@jridgewell/trace-mapping@0.3.9":
  version "0.3.9"
  resolved "https://registry.npmjs.org/@jridgewell/trace-mapping/-/trace-mapping-0.3.9.tgz"
  integrity sha512-3Belt6tdc8bPgAtbcmdtNJlirVoTmEb5e2gC94PnkwEW9jI6CAHUeoG85tjWP5WquqfavoMtMwiG4P926ZKKuQ==
  dependencies:
    "@jridgewell/resolve-uri" "^3.0.3"
    "@jridgewell/sourcemap-codec" "^1.4.10"

"@rollup/plugin-commonjs@^22.0.0":
  version "22.0.0"
  resolved "https://registry.npmjs.org/@rollup/plugin-commonjs/-/plugin-commonjs-22.0.0.tgz"
  integrity sha512-Ktvf2j+bAO+30awhbYoCaXpBcyPmJbaEUYClQns/+6SNCYFURbvBiNbWgHITEsIgDDWCDUclWRKEuf8cwZCFoQ==
  dependencies:
    "@rollup/pluginutils" "^3.1.0"
    commondir "^1.0.1"
    estree-walker "^2.0.1"
    glob "^7.1.6"
    is-reference "^1.2.1"
    magic-string "^0.25.7"
    resolve "^1.17.0"

"@rollup/plugin-json@^4.1.0":
  version "4.1.0"
  resolved "https://registry.npmjs.org/@rollup/plugin-json/-/plugin-json-4.1.0.tgz"
  integrity sha512-yfLbTdNS6amI/2OpmbiBoW12vngr5NW2jCJVZSBEz+H5KfUJZ2M7sDjk0U6GOOdCWFVScShte29o9NezJ53TPw==
  dependencies:
    "@rollup/pluginutils" "^3.0.8"

"@rollup/plugin-node-resolve@^13.3.0":
  version "13.3.0"
  resolved "https://registry.npmjs.org/@rollup/plugin-node-resolve/-/plugin-node-resolve-13.3.0.tgz"
  integrity sha512-Lus8rbUo1eEcnS4yTFKLZrVumLPY+YayBdWXgFSHYhTT2iJbMhoaaBL3xl5NCdeRytErGr8tZ0L71BMRmnlwSw==
  dependencies:
    "@rollup/pluginutils" "^3.1.0"
    "@types/resolve" "1.17.1"
    deepmerge "^4.2.2"
    is-builtin-module "^3.1.0"
    is-module "^1.0.0"
    resolve "^1.19.0"

"@rollup/pluginutils@^3.0.8", "@rollup/pluginutils@^3.1.0":
  version "3.1.0"
  resolved "https://registry.npmjs.org/@rollup/pluginutils/-/pluginutils-3.1.0.tgz"
  integrity sha512-GksZ6pr6TpIjHm8h9lSQ8pi8BE9VeubNT0OMJ3B5uZJ8pz73NPiqOtCog/x2/QzM1ENChPKxMDhiQuRHsqc+lg==
  dependencies:
    "@types/estree" "0.0.39"
    estree-walker "^1.0.1"
    picomatch "^2.2.2"

"@rollup/pluginutils@^4.2.1":
  version "4.2.1"
  resolved "https://registry.npmjs.org/@rollup/pluginutils/-/pluginutils-4.2.1.tgz"
  integrity sha512-iKnFXr7NkdZAIHiIWE+BX5ULi/ucVFYWD6TbAV+rZctiRTY2PL6tsIKhoIOaoskiWAkgu+VsbXgUVDNLHf+InQ==
  dependencies:
    estree-walker "^2.0.1"
    picomatch "^2.2.2"

"@swc/core-android-arm-eabi@1.2.197":
  version "1.2.197"
  resolved "https://registry.yarnpkg.com/@swc/core-android-arm-eabi/-/core-android-arm-eabi-1.2.197.tgz#fdc58468a4c8599cdb33b262ff8377e04d68c3e4"
  integrity sha512-BNIexULLlBCU7jIbXA/+BpMUwraFbyifPkOlyC8MriyoR7wfW5cau56yOUztxrr7VdxcByMK+nO70WkVydUV3w==

"@swc/core-android-arm64@1.2.197":
  version "1.2.197"
  resolved "https://registry.yarnpkg.com/@swc/core-android-arm64/-/core-android-arm64-1.2.197.tgz#fcf60c7773ad7529cd3606a211c0fbac283c8c1c"
  integrity sha512-H1AJfQkojk+INurBwiHJf4iRpRwTI2I43TWUVbxXCyfAc9K9hfKNJFzp5Xapka5nLSgSD2ZNZgseMbfwUcYq6A==

"@swc/core-darwin-arm64@1.2.197":
  version "1.2.197"
  resolved "https://registry.yarnpkg.com/@swc/core-darwin-arm64/-/core-darwin-arm64-1.2.197.tgz#091ce5b565c2295d49d872ebc684d89bbe7e756a"
  integrity sha512-JIfXS1HHKKwZlVoKhVTllvD0m0sXiIneaw9TwXtUrHe6K95wJ53q82sqJyqBOWimh9ulCcB2M+XuqK4zDGbosA==

"@swc/core-darwin-x64@1.2.197":
  version "1.2.197"
  resolved "https://registry.yarnpkg.com/@swc/core-darwin-x64/-/core-darwin-x64-1.2.197.tgz#fa78db11674fbffb86c2346de2212f806377d67f"
  integrity sha512-Ml7MXJgrNuSGVNvEbeB1BoWFZ2rPhRBSa7IyvfTMmB/oDEvIKIkWH/5hEYdCy99s8XQ6ufqdMjPVqOFRuRXfig==

"@swc/core-freebsd-x64@1.2.197":
  version "1.2.197"
  resolved "https://registry.yarnpkg.com/@swc/core-freebsd-x64/-/core-freebsd-x64-1.2.197.tgz#c83c03368c748bd7e87c2f8013cb3d1861732ebb"
  integrity sha512-Ae6aDvBS/VGAHP3szmampFDzNZ/fOKVAhI1qqQauShzyIqXGL83GZ2zhC1FA94oC5Kora7VHz43DPqUuYRQPtg==

"@swc/core-linux-arm-gnueabihf@1.2.197":
  version "1.2.197"
  resolved "https://registry.yarnpkg.com/@swc/core-linux-arm-gnueabihf/-/core-linux-arm-gnueabihf-1.2.197.tgz#d59ffb35eab9372c126009642b392a0e4efbe80c"
  integrity sha512-cqIeaBzVVfsCW4CvJdxPwz9EHqnJZ+0K6gfTuHDa6Fp6ThWZtqKQhK4zL4hV3L4nWj7bqbOYKSUbdR79p4v92Q==

"@swc/core-linux-arm64-gnu@1.2.197":
  version "1.2.197"
  resolved "https://registry.yarnpkg.com/@swc/core-linux-arm64-gnu/-/core-linux-arm64-gnu-1.2.197.tgz#789739ae412f0d13dbf560f0b9d48b05d7d4cd9d"
  integrity sha512-1HHSnImnLAvuBpiDi7kJwyPEbAfSkLpL5IEMSQas90jDrIrSwgmnPLE5qBJwPasyrT8hJ/3n297tR+SlcudT/Q==

"@swc/core-linux-arm64-musl@1.2.197":
  version "1.2.197"
  resolved "https://registry.yarnpkg.com/@swc/core-linux-arm64-musl/-/core-linux-arm64-musl-1.2.197.tgz#d38b6394d24fa6c2627aed173d69325816ed8907"
  integrity sha512-C2GTIN5XgN/3zvwZITQnEuBMsPE2gQ5kkFjTFF9sKqG8tNUI8V+FP6AV4h7IkLccT1CgSWM7GCP4LsL2OC2iBA==

"@swc/core-linux-x64-gnu@1.2.197":
  version "1.2.197"
  resolved "https://registry.yarnpkg.com/@swc/core-linux-x64-gnu/-/core-linux-x64-gnu-1.2.197.tgz#39ca0bd48b0b2b7b5bcebb48bd27fac3edc37cce"
  integrity sha512-AHEHo9/u9GIBPUqsCkGWWe6WqGWAk07UklHm0k6Z99Z3OgsDfyDRECMVZGIAgMr1HqPPzsJCP5AmQ6WKZNBrfQ==

"@swc/core-linux-x64-musl@1.2.197":
  version "1.2.197"
  resolved "https://registry.yarnpkg.com/@swc/core-linux-x64-musl/-/core-linux-x64-musl-1.2.197.tgz#673a86c7de79b405f675b14710d29cd81c23e37b"
  integrity sha512-ZnawXY/s0YJnUqWZCN91VkPzTcH1hImOzUvwJ8f7uCIIYOLHYdjUa5S6xPVNHqOEanNYaeCq354LxBytYIo83g==

"@swc/core-win32-arm64-msvc@1.2.197":
  version "1.2.197"
  resolved "https://registry.yarnpkg.com/@swc/core-win32-arm64-msvc/-/core-win32-arm64-msvc-1.2.197.tgz#73a4d89530985a7b784c8037a297f3bcce19bb98"
  integrity sha512-jYnc5c2fn2z0oyy8mJkxstc4qxjZnQsf6YmCM32bm4un05MQg+4y4VxWxY7NMCPRaf8zWojcAy1wltuidbIe/A==

"@swc/core-win32-ia32-msvc@1.2.197":
  version "1.2.197"
  resolved "https://registry.yarnpkg.com/@swc/core-win32-ia32-msvc/-/core-win32-ia32-msvc-1.2.197.tgz#a3cca42555d43636665ea0b3c60d29a41657492e"
  integrity sha512-l8wa+2brxw8UUCNn65wBtUECVCs3w4WBOiTpT/+rPJF9vYVL7gt2rds73a+yB6rSIhOZqEseazIHi2aQ1S9bxQ==

"@swc/core-win32-x64-msvc@1.2.197":
  version "1.2.197"
  resolved "https://registry.npmjs.org/@swc/core-win32-x64-msvc/-/core-win32-x64-msvc-1.2.197.tgz"
  integrity sha512-uYf+Zch1rhNK3nAYL9C5a5WjtlffLkRf4Dh1OmuqNGmm7EI+AdwTECZX3cT1iICGb2J3GHUJlfPsNdllG8L9qA==

"@swc/core@^1.2.197":
  version "1.2.197"
  resolved "https://registry.npmjs.org/@swc/core/-/core-1.2.197.tgz"
  integrity sha512-W7gUaNCrm4i26ZUMilPZjHiQck8mOMfOuZuXj1YrISMR20orACgEHz4kJHbqfXzHhqeS4CGwBkzi9h1lHrwKtw==
  optionalDependencies:
    "@swc/core-android-arm-eabi" "1.2.197"
    "@swc/core-android-arm64" "1.2.197"
    "@swc/core-darwin-arm64" "1.2.197"
    "@swc/core-darwin-x64" "1.2.197"
    "@swc/core-freebsd-x64" "1.2.197"
    "@swc/core-linux-arm-gnueabihf" "1.2.197"
    "@swc/core-linux-arm64-gnu" "1.2.197"
    "@swc/core-linux-arm64-musl" "1.2.197"
    "@swc/core-linux-x64-gnu" "1.2.197"
    "@swc/core-linux-x64-musl" "1.2.197"
    "@swc/core-win32-arm64-msvc" "1.2.197"
    "@swc/core-win32-ia32-msvc" "1.2.197"
    "@swc/core-win32-x64-msvc" "1.2.197"

"@swc/helpers@^0.3.17":
  version "0.3.17"
  resolved "https://registry.npmjs.org/@swc/helpers/-/helpers-0.3.17.tgz"
  integrity sha512-tb7Iu+oZ+zWJZ3HJqwx8oNwSDIU440hmVMDPhpACWQWnrZHK99Bxs70gT1L2dnr5Hg50ZRWEFkQCAnOVVV0z1Q==
  dependencies:
    tslib "^2.4.0"

"@tsconfig/node10@^1.0.7":
  version "1.0.8"
  resolved "https://registry.npmjs.org/@tsconfig/node10/-/node10-1.0.8.tgz"
  integrity sha512-6XFfSQmMgq0CFLY1MslA/CPUfhIL919M1rMsa5lP2P097N2Wd1sSX0tx1u4olM16fLNhtHZpRhedZJphNJqmZg==

"@tsconfig/node12@^1.0.7":
  version "1.0.9"
  resolved "https://registry.npmjs.org/@tsconfig/node12/-/node12-1.0.9.tgz"
  integrity sha512-/yBMcem+fbvhSREH+s14YJi18sp7J9jpuhYByADT2rypfajMZZN4WQ6zBGgBKp53NKmqI36wFYDb3yaMPurITw==

"@tsconfig/node14@^1.0.0":
  version "1.0.1"
  resolved "https://registry.npmjs.org/@tsconfig/node14/-/node14-1.0.1.tgz"
  integrity sha512-509r2+yARFfHHE7T6Puu2jjkoycftovhXRqW328PDXTVGKihlb1P8Z9mMZH04ebyajfRY7dedfGynlrFHJUQCg==

"@tsconfig/node16@^1.0.2":
  version "1.0.2"
  resolved "https://registry.npmjs.org/@tsconfig/node16/-/node16-1.0.2.tgz"
  integrity sha512-eZxlbI8GZscaGS7kkc/trHTT5xgrjH3/1n2JDwusC9iahPKWMRvRjJSAN5mCXviuTGQ/lHnhvv8Q1YTpnfz9gA==

"@types/estree@*":
  version "0.0.51"
  resolved "https://registry.npmjs.org/@types/estree/-/estree-0.0.51.tgz"
  integrity sha512-CuPgU6f3eT/XgKKPqKd/gLZV1Xmvf1a2R5POBOGQa6uv82xpls89HU5zKeVoyR8XzHd1RGNOlQlvUe3CFkjWNQ==

"@types/estree@0.0.39":
  version "0.0.39"
  resolved "https://registry.npmjs.org/@types/estree/-/estree-0.0.39.tgz"
  integrity sha512-EYNwp3bU+98cpU4lAWYYL7Zz+2gryWH1qbdDTidVd6hkiR6weksdbMadyXKXNPEkQFhXM+hVO9ZygomHXp+AIw==

"@types/node@*", "@types/node@^17.0.40":
  version "17.0.40"
  resolved "https://registry.npmjs.org/@types/node/-/node-17.0.40.tgz"
  integrity sha512-UXdBxNGqTMtm7hCwh9HtncFVLrXoqA3oJW30j6XWp5BH/wu3mVeaxo7cq5benFdBw34HB3XDT2TRPI7rXZ+mDg==

"@types/resolve@1.17.1":
  version "1.17.1"
  resolved "https://registry.npmjs.org/@types/resolve/-/resolve-1.17.1.tgz"
  integrity sha512-yy7HuzQhj0dhGpD8RLXSZWEkLsV9ibvxvi6EiJ3bkqLAO1RGo0WbkWQiwpRlSFymTJRz0d3k5LM3kkx8ArDbLw==
  dependencies:
    "@types/node" "*"

acorn-walk@^8.1.1:
  version "8.2.0"
  resolved "https://registry.npmjs.org/acorn-walk/-/acorn-walk-8.2.0.tgz"
  integrity sha512-k+iyHEuPgSw6SbuDpGQM+06HQUa04DZ3o+F6CSzXMvvI5KMvnaEqXe+YVe555R9nn6GPt404fos4wcgpw12SDA==

acorn@^8.4.1:
  version "8.7.1"
  resolved "https://registry.npmjs.org/acorn/-/acorn-8.7.1.tgz"
  integrity sha512-Xx54uLJQZ19lKygFXOWsscKUbsBZW0CPykPhVQdhIeIwrbPmJzqeASDInc8nKBnp/JT6igTs82qPXz069H8I/A==

ansi-styles@^3.2.1:
  version "3.2.1"
  resolved "https://registry.npmjs.org/ansi-styles/-/ansi-styles-3.2.1.tgz"
  integrity sha512-VT0ZI6kZRdTh8YyJw3SMbYm/u+NqfsAxEpWO0Pf9sq8/e94WxxOpPKx9FR1FlyCtOVDNOQ+8ntlqFxiRc+r5qA==
  dependencies:
    color-convert "^1.9.0"

arg@^4.1.0:
  version "4.1.3"
  resolved "https://registry.npmjs.org/arg/-/arg-4.1.3.tgz"
  integrity sha512-58S9QDqG0Xx27YwPSt9fJxivjYl432YCwfDMfZ+71RAqUrZef7LrKQZ3LHLOwCS4FLNBplP533Zx895SeOCHvA==

balanced-match@^1.0.0:
  version "1.0.2"
  resolved "https://registry.npmjs.org/balanced-match/-/balanced-match-1.0.2.tgz"
  integrity sha512-3oSeUO0TMV67hN1AmbXsK4yaqU7tjiHlbxRDZOpH0KW9+CeX4bRAaX0Anxt0tx2MrpRpWwQaPwIlISEJhYU5Pw==

brace-expansion@^1.1.7:
  version "1.1.11"
  resolved "https://registry.npmjs.org/brace-expansion/-/brace-expansion-1.1.11.tgz"
  integrity sha512-iCuPHDFgrHX7H2vEI/5xpz07zSHB00TpugqhmYtVmMO6518mCuRMoOYFldEBl0g187ufozdaHgWKcYFb61qGiA==
  dependencies:
    balanced-match "^1.0.0"
    concat-map "0.0.1"

brace-expansion@^2.0.1:
  version "2.0.1"
  resolved "https://registry.npmjs.org/brace-expansion/-/brace-expansion-2.0.1.tgz"
  integrity sha512-XnAIvQ8eM+kC6aULx6wuQiwVsnzsi9d3WxzV3FpWTGA19F621kwdbsAcFKXgKUHZWsy+mY6iL1sHTxWEFCytDA==
  dependencies:
    balanced-match "^1.0.0"

builtin-modules@^3.0.0:
  version "3.3.0"
  resolved "https://registry.npmjs.org/builtin-modules/-/builtin-modules-3.3.0.tgz"
  integrity sha512-zhaCDicdLuWN5UbN5IMnFqNMhNfo919sH85y2/ea+5Yg9TsTkeZxpL+JLbp6cgYFS4sRLp3YV4S6yDuqVWHYOw==

chalk@^2.0.0:
  version "2.4.2"
  resolved "https://registry.npmjs.org/chalk/-/chalk-2.4.2.tgz"
  integrity sha512-Mti+f9lpJNcwF4tWV8/OrTTtF1gZi+f8FqlyAdouralcFWFQWF2+NgCHShjkCb+IFBLq9buZwE1xckQU4peSuQ==
  dependencies:
    ansi-styles "^3.2.1"
    escape-string-regexp "^1.0.5"
    supports-color "^5.3.0"

color-convert@^1.9.0:
  version "1.9.3"
  resolved "https://registry.npmjs.org/color-convert/-/color-convert-1.9.3.tgz"
  integrity sha512-QfAUtd+vFdAtFQcC8CCyYt1fYWxSqAiK2cSD6zDB8N3cpsEBAvRxp9zOGg6G/SHHJYAT88/az/IuDGALsNVbGg==
  dependencies:
    color-name "1.1.3"

color-name@1.1.3:
  version "1.1.3"
  resolved "https://registry.npmjs.org/color-name/-/color-name-1.1.3.tgz"
  integrity sha512-72fSenhMw2HZMTVHeCA9KCmpEIbzWiQsjN+BHcBbS9vr1mtt+vJjPdksIBNUmKAW8TFUDPJK5SUU3QhE9NEXDw==

commondir@^1.0.1:
  version "1.0.1"
  resolved "https://registry.npmjs.org/commondir/-/commondir-1.0.1.tgz"
  integrity sha512-W9pAhw0ja1Edb5GVdIF1mjZw/ASI0AlShXM83UUGe2DVr5TdAPEA1OA8m/g8zWp9x6On7gqufY+FatDbC3MDQg==

concat-map@0.0.1:
  version "0.0.1"
  resolved "https://registry.npmjs.org/concat-map/-/concat-map-0.0.1.tgz"
  integrity sha512-/Srv4dswyQNBfohGpz9o6Yb3Gz3SrUDqBH5rTuhGR7ahtlbYKnVxw2bCFMRljaA7EXHaXZ8wsHdodFvbkhKmqg==

create-require@^1.1.0:
  version "1.1.1"
  resolved "https://registry.npmjs.org/create-require/-/create-require-1.1.1.tgz"
  integrity sha512-dcKFX3jn0MpIaXjisoRvexIJVEKzaq7z2rZKxf+MSr9TkdmHmsU4m2lcLojrj/FHl8mk5VxMmYA+ftRkP/3oKQ==

deepmerge@^4.2.2:
  version "4.2.2"
  resolved "https://registry.npmjs.org/deepmerge/-/deepmerge-4.2.2.tgz"
  integrity sha512-FJ3UgI4gIl+PHZm53knsuSFpE+nESMr7M4v9QcgB7S63Kj/6WqMiFQJpBBYz1Pt+66bZpP3Q7Lye0Oo9MPKEdg==

diff@^4.0.1:
  version "4.0.2"
  resolved "https://registry.npmjs.org/diff/-/diff-4.0.2.tgz"
  integrity sha512-58lmxKSA4BNyLz+HHMUzlOEpg09FV+ev6ZMe3vJihgdxzgcwZ8VoEEPmALCZG9LmqfVoNMMKpttIYTVG6uDY7A==

escape-string-regexp@^1.0.5:
  version "1.0.5"
  resolved "https://registry.npmjs.org/escape-string-regexp/-/escape-string-regexp-1.0.5.tgz"
  integrity sha512-vbRorB5FUQWvla16U8R/qgaFIya2qGzwDrNmCZuYKrbdSUMG6I1ZCGQRefkRVhuOkIGVne7BQ35DSfo1qvJqFg==

estree-walker@^1.0.1:
  version "1.0.1"
  resolved "https://registry.npmjs.org/estree-walker/-/estree-walker-1.0.1.tgz"
  integrity sha512-1fMXF3YP4pZZVozF8j/ZLfvnR8NSIljt56UhbZ5PeeDmmGHpgpdwQt7ITlGvYaQukCvuBRMLEiKiYC+oeIg4cg==

estree-walker@^2.0.1:
  version "2.0.2"
  resolved "https://registry.npmjs.org/estree-walker/-/estree-walker-2.0.2.tgz"
  integrity sha512-Rfkk/Mp/DL7JVje3u18FxFujQlTNR2q6QfMSMB7AvCBx91NGj/ba3kCfza0f6dVDbw7YlRf/nDrn7pQrCCyQ/w==

fs.realpath@^1.0.0:
  version "1.0.0"
  resolved "https://registry.npmjs.org/fs.realpath/-/fs.realpath-1.0.0.tgz"
  integrity sha512-OO0pH2lK6a0hZnAdau5ItzHPI6pUlvI7jMVnxUQRtw4owF2wk8lOSabtGDCTP4Ggrg2MbGnWO9X8K1t4+fGMDw==

fsevents@~2.3.2:
  version "2.3.2"
  resolved "https://registry.yarnpkg.com/fsevents/-/fsevents-2.3.2.tgz#8a526f78b8fdf4623b709e0b975c52c24c02fd1a"
  integrity sha512-xiqMQR4xAeHTuB9uWm+fFRcIOgKBMiOBP+eXiyT7jsgVCq1bkVygt00oASowB7EdtpOHaaPgKt812P9ab+DDKA==

function-bind@^1.1.1:
  version "1.1.1"
  resolved "https://registry.npmjs.org/function-bind/-/function-bind-1.1.1.tgz"
  integrity sha512-yIovAzMX49sF8Yl58fSCWJ5svSLuaibPxXQJFLmBObTuCr0Mf1KiPopGM9NiFjiYBCbfaa2Fh6breQ6ANVTI0A==

glob@^7.1.6:
  version "7.2.3"
  resolved "https://registry.npmjs.org/glob/-/glob-7.2.3.tgz"
  integrity sha512-nFR0zLpU2YCaRxwoCJvL6UvCH2JFyFVIvwTLsIf21AuHlMskA1hhTdk+LlYJtOlYt9v6dvszD2BGRqBL+iQK9Q==
  dependencies:
    fs.realpath "^1.0.0"
    inflight "^1.0.4"
    inherits "2"
    minimatch "^3.1.1"
    once "^1.3.0"
    path-is-absolute "^1.0.0"

glob@^8.0.3:
  version "8.0.3"
  resolved "https://registry.npmjs.org/glob/-/glob-8.0.3.tgz"
  integrity sha512-ull455NHSHI/Y1FqGaaYFaLGkNMMJbavMrEGFXG/PGrg6y7sutWHUHrz6gy6WEBH6akM1M414dWKCNs+IhKdiQ==
  dependencies:
    fs.realpath "^1.0.0"
    inflight "^1.0.4"
    inherits "2"
    minimatch "^5.0.1"
    once "^1.3.0"

has-flag@^3.0.0:
  version "3.0.0"
  resolved "https://registry.npmjs.org/has-flag/-/has-flag-3.0.0.tgz"
  integrity sha512-sKJf1+ceQBr4SMkvQnBDNDtf4TXpVhVGateu0t918bl30FnbE2m4vNLX+VWe/dpjlb+HugGYzW7uQXH98HPEYw==

has@^1.0.3:
  version "1.0.3"
  resolved "https://registry.npmjs.org/has/-/has-1.0.3.tgz"
  integrity sha512-f2dvO0VU6Oej7RkWJGrehjbzMAjFp5/VKPp5tTpWIV4JHHZK1/BxbFRtf/siA2SWTe09caDmVtYYzWEIbBS4zw==
  dependencies:
    function-bind "^1.1.1"

inflight@^1.0.4:
  version "1.0.6"
  resolved "https://registry.npmjs.org/inflight/-/inflight-1.0.6.tgz"
  integrity sha512-k92I/b08q4wvFscXCLvqfsHCrjrF7yiXsQuIVvVE7N82W3+aqpzuUdBbfhWcy/FZR3/4IgflMgKLOsvPDrGCJA==
  dependencies:
    once "^1.3.0"
    wrappy "1"

inherits@2:
  version "2.0.4"
  resolved "https://registry.npmjs.org/inherits/-/inherits-2.0.4.tgz"
  integrity sha512-k/vGaX4/Yla3WzyMCvTQOXYeIHvqOKtnqBduzTHpzpQZzAskKMhZ2K+EnBiSM9zGSoIFeMpXKxa4dYeZIQqewQ==

is-builtin-module@^3.1.0:
  version "3.1.0"
  resolved "https://registry.npmjs.org/is-builtin-module/-/is-builtin-module-3.1.0.tgz"
  integrity sha512-OV7JjAgOTfAFJmHZLvpSTb4qi0nIILDV1gWPYDnDJUTNFM5aGlRAhk4QcT8i7TuAleeEV5Fdkqn3t4mS+Q11fg==
  dependencies:
    builtin-modules "^3.0.0"

is-core-module@^2.8.1:
  version "2.9.0"
  resolved "https://registry.npmjs.org/is-core-module/-/is-core-module-2.9.0.tgz"
  integrity sha512-+5FPy5PnwmO3lvfMb0AsoPaBG+5KHUI0wYFXOtYPnVVVspTFUuMZNfNaNVRt3FZadstu2c8x23vykRW/NBoU6A==
  dependencies:
    has "^1.0.3"

is-module@^1.0.0:
  version "1.0.0"
  resolved "https://registry.npmjs.org/is-module/-/is-module-1.0.0.tgz"
  integrity sha512-51ypPSPCoTEIN9dy5Oy+h4pShgJmPCygKfyRCISBI+JoWT/2oJvK8QPxmwv7b/p239jXrm9M1mlQbyKJ5A152g==

is-reference@^1.2.1:
  version "1.2.1"
  resolved "https://registry.npmjs.org/is-reference/-/is-reference-1.2.1.tgz"
  integrity sha512-U82MsXXiFIrjCK4otLT+o2NA2Cd2g5MLoOVXUZjIOhLurrRxpEXzI8O0KZHr3IjLvlAH1kTPYSuqer5T9ZVBKQ==
  dependencies:
    "@types/estree" "*"

joycon@^3.1.1:
  version "3.1.1"
  resolved "https://registry.npmjs.org/joycon/-/joycon-3.1.1.tgz"
  integrity sha512-34wB/Y7MW7bzjKRjUKTa46I2Z7eV62Rkhva+KkopW7Qvv/OSWBqvkSY7vusOPrNuZcUG3tApvdVgNB8POj3SPw==

js-tokens@^4.0.0:
  version "4.0.0"
  resolved "https://registry.npmjs.org/js-tokens/-/js-tokens-4.0.0.tgz"
  integrity sha512-RdJUflcE3cUzKiMqQgsCu06FPu9UdIJO0beYbPhHN4k6apgJtifcoCtT9bcxOpYBtpD2kCM6Sbzg4CausW/PKQ==

jsonc-parser@^3.0.0:
  version "3.0.0"
  resolved "https://registry.npmjs.org/jsonc-parser/-/jsonc-parser-3.0.0.tgz"
  integrity sha512-fQzRfAbIBnR0IQvftw9FJveWiHp72Fg20giDrHz6TdfB12UH/uue0D3hm57UB5KgAVuniLMCaS8P1IMj9NR7cA==

lunr@^2.3.9:
  version "2.3.9"
  resolved "https://registry.npmjs.org/lunr/-/lunr-2.3.9.tgz"
  integrity sha512-zTU3DaZaF3Rt9rhN3uBMGQD3dD2/vFQqnvZCDv4dl5iOzq2IZQqTxu90r4E5J+nP70J3ilqVCrbho2eWaeW8Ow==

magic-string@^0.25.7:
  version "0.25.9"
  resolved "https://registry.npmjs.org/magic-string/-/magic-string-0.25.9.tgz"
  integrity sha512-RmF0AsMzgt25qzqqLc1+MbHmhdx0ojF2Fvs4XnOqz2ZOBXzzkEwc/dJQZCYHAn7v1jbVOjAZfK8msRn4BxO4VQ==
  dependencies:
    sourcemap-codec "^1.4.8"

magic-string@^0.26.1:
  version "0.26.2"
  resolved "https://registry.npmjs.org/magic-string/-/magic-string-0.26.2.tgz"
  integrity sha512-NzzlXpclt5zAbmo6h6jNc8zl2gNRGHvmsZW4IvZhTC4W7k4OlLP+S5YLussa/r3ixNT66KOQfNORlXHSOy/X4A==
  dependencies:
    sourcemap-codec "^1.4.8"

make-error@^1.1.1:
  version "1.3.6"
  resolved "https://registry.npmjs.org/make-error/-/make-error-1.3.6.tgz"
  integrity sha512-s8UhlNe7vPKomQhC1qFelMokr/Sc3AgNbso3n74mVPA5LTZwkB9NlXf4XPamLxJE8h0gh73rM94xvwRT2CVInw==

marked@^4.0.16:
  version "4.0.16"
  resolved "https://registry.npmjs.org/marked/-/marked-4.0.16.tgz"
  integrity sha512-wahonIQ5Jnyatt2fn8KqF/nIqZM8mh3oRu2+l5EANGMhu6RFjiSG52QNE2eWzFMI94HqYSgN184NurgNG6CztA==

minimatch@^3.1.1:
  version "3.1.2"
  resolved "https://registry.npmjs.org/minimatch/-/minimatch-3.1.2.tgz"
  integrity sha512-J7p63hRiAjw1NDEww1W7i37+ByIrOWO5XQQAzZ3VOcL0PNybwpfmV/N05zFAzwQ9USyEcX6t3UO+K5aqBQOIHw==
  dependencies:
    brace-expansion "^1.1.7"

minimatch@^5.0.1, minimatch@^5.1.0:
  version "5.1.0"
  resolved "https://registry.npmjs.org/minimatch/-/minimatch-5.1.0.tgz"
  integrity sha512-9TPBGGak4nHfGZsPBohm9AWg6NoT7QTCehS3BIJABslyZbzxfV78QM2Y6+i741OPZIafFAaiiEMh5OyIrJPgtg==
  dependencies:
    brace-expansion "^2.0.1"

once@^1.3.0:
  version "1.4.0"
  resolved "https://registry.npmjs.org/once/-/once-1.4.0.tgz"
  integrity sha512-lNaJgI+2Q5URQBkccEKHTQOPaXdUxnZZElQTZY0MFUAuaEqe1E+Nyvgdz/aIyNi6Z9MzO5dv1H8n58/GELp3+w==
  dependencies:
    wrappy "1"

path-is-absolute@^1.0.0:
  version "1.0.1"
  resolved "https://registry.npmjs.org/path-is-absolute/-/path-is-absolute-1.0.1.tgz"
  integrity sha512-AVbw3UJ2e9bq64vSaS9Am0fje1Pa8pbGqTTsmXfaIiMpnr5DlDhfJOuLj9Sf95ZPVDAUerDfEk88MPmPe7UCQg==

path-parse@^1.0.7:
  version "1.0.7"
  resolved "https://registry.npmjs.org/path-parse/-/path-parse-1.0.7.tgz"
  integrity sha512-LDJzPVEEEPR+y48z93A0Ed0yXb8pAByGWo/k5YYdYgpY2/2EsOsksJrq7lOHxryrVOn1ejG6oAp8ahvOIQD8sw==

picomatch@^2.2.2:
  version "2.3.1"
  resolved "https://registry.npmjs.org/picomatch/-/picomatch-2.3.1.tgz"
  integrity sha512-JU3teHTNjmE2VCGFzuY8EXzCDVwEqB2a8fsIvwaStHhAWJEeVd1o1QD80CU6+ZdEXXSLbSsuLwJjkCBWqRQUVA==

prettier@^2.6.2:
  version "2.6.2"
  resolved "https://registry.npmjs.org/prettier/-/prettier-2.6.2.tgz"
  integrity sha512-PkUpF+qoXTqhOeWL9fu7As8LXsIUZ1WYaJiY/a7McAQzxjk82OF0tibkFXVCDImZtWxbvojFjerkiLb0/q8mew==

resolve@^1.17.0, resolve@^1.19.0:
  version "1.22.0"
  resolved "https://registry.npmjs.org/resolve/-/resolve-1.22.0.tgz"
  integrity sha512-Hhtrw0nLeSrFQ7phPp4OOcVjLPIeMnRlr5mcnVuMe7M/7eBn98A3hmFRLoFo3DLZkivSYwhRUJTyPyWAk56WLw==
  dependencies:
    is-core-module "^2.8.1"
    path-parse "^1.0.7"
    supports-preserve-symlinks-flag "^1.0.0"

rollup-plugin-dts@^4.2.2:
  version "4.2.2"
  resolved "https://registry.npmjs.org/rollup-plugin-dts/-/rollup-plugin-dts-4.2.2.tgz"
  integrity sha512-A3g6Rogyko/PXeKoUlkjxkP++8UDVpgA7C+Tdl77Xj4fgEaIjPSnxRmR53EzvoYy97VMVwLAOcWJudaVAuxneQ==
  dependencies:
    magic-string "^0.26.1"
  optionalDependencies:
    "@babel/code-frame" "^7.16.7"

rollup-plugin-swc3@^0.3.0:
  version "0.3.0"
  resolved "https://registry.npmjs.org/rollup-plugin-swc3/-/rollup-plugin-swc3-0.3.0.tgz"
  integrity sha512-ZQK2XxYxSspmT8j6/Y4CaxRxAlZHbNnxI+m+yJ5I87ZLp5uH7CYL4hFlJk1jkcZ+Q2QC19jIg7AClB/7+XFljw==
  dependencies:
    "@rollup/pluginutils" "^4.2.1"
    deepmerge "^4.2.2"
    joycon "^3.1.1"
    jsonc-parser "^3.0.0"
    typedoc "^0.22.15"

rollup@^2.75.5:
  version "2.75.5"
  resolved "https://registry.npmjs.org/rollup/-/rollup-2.75.5.tgz"
  integrity sha512-JzNlJZDison3o2mOxVmb44Oz7t74EfSd1SQrplQk0wSaXV7uLQXtVdHbxlcT3w+8tZ1TL4r/eLfc7nAbz38BBA==
  optionalDependencies:
    fsevents "~2.3.2"

shiki@^0.10.1:
  version "0.10.1"
  resolved "https://registry.npmjs.org/shiki/-/shiki-0.10.1.tgz"
  integrity sha512-VsY7QJVzU51j5o1+DguUd+6vmCmZ5v/6gYu4vyYAhzjuNQU6P/vmSy4uQaOhvje031qQMiW0d2BwgMH52vqMng==
  dependencies:
    jsonc-parser "^3.0.0"
    vscode-oniguruma "^1.6.1"
    vscode-textmate "5.2.0"

sourcemap-codec@^1.4.8:
  version "1.4.8"
  resolved "https://registry.npmjs.org/sourcemap-codec/-/sourcemap-codec-1.4.8.tgz"
  integrity sha512-9NykojV5Uih4lgo5So5dtw+f0JgJX30KCNI8gwhz2J9A15wD0Ml6tjHKwf6fTSa6fAdVBdZeNOs9eJ71qCk8vA==

supports-color@^5.3.0:
  version "5.5.0"
  resolved "https://registry.npmjs.org/supports-color/-/supports-color-5.5.0.tgz"
  integrity sha512-QjVjwdXIt408MIiAqCX4oUKsgU2EqAGzs2Ppkm4aQYbjm+ZEWEcW4SfFNTr4uMNZma0ey4f5lgLrkB0aX0QMow==
  dependencies:
    has-flag "^3.0.0"

supports-preserve-symlinks-flag@^1.0.0:
  version "1.0.0"
  resolved "https://registry.npmjs.org/supports-preserve-symlinks-flag/-/supports-preserve-symlinks-flag-1.0.0.tgz"
  integrity sha512-ot0WnXS9fgdkgIcePe6RHNk1WA8+muPa6cSjeR3V8K27q9BB1rTE3R1p7Hv0z1ZyAc8s6Vvv8DIyWf681MAt0w==

ts-node@^10.8.1:
  version "10.8.1"
  resolved "https://registry.npmjs.org/ts-node/-/ts-node-10.8.1.tgz"
  integrity sha512-Wwsnao4DQoJsN034wePSg5nZiw4YKXf56mPIAeD6wVmiv+RytNSWqc2f3fKvcUoV+Yn2+yocD71VOfQHbmVX4g==
  dependencies:
    "@cspotcode/source-map-support" "^0.8.0"
    "@tsconfig/node10" "^1.0.7"
    "@tsconfig/node12" "^1.0.7"
    "@tsconfig/node14" "^1.0.0"
    "@tsconfig/node16" "^1.0.2"
    acorn "^8.4.1"
    acorn-walk "^8.1.1"
    arg "^4.1.0"
    create-require "^1.1.0"
    diff "^4.0.1"
    make-error "^1.1.1"
    v8-compile-cache-lib "^3.0.1"
    yn "3.1.1"

tslib@^2.4.0:
  version "2.4.0"
  resolved "https://registry.npmjs.org/tslib/-/tslib-2.4.0.tgz"
  integrity sha512-d6xOpEDfsi2CZVlPQzGeux8XMwLT9hssAsaPYExaQMuYskwb+x1x7J371tWlbBdWHroy99KnVB6qIkUbs5X3UQ==

typedoc@^0.22.15:
  version "0.22.17"
  resolved "https://registry.npmjs.org/typedoc/-/typedoc-0.22.17.tgz"
  integrity sha512-h6+uXHVVCPDaANzjwzdsj9aePBjZiBTpiMpBBeyh1zcN2odVsDCNajz8zyKnixF93HJeGpl34j/70yoEE5BfNg==
  dependencies:
    glob "^8.0.3"
    lunr "^2.3.9"
    marked "^4.0.16"
    minimatch "^5.1.0"
    shiki "^0.10.1"

typescript@^4.7.3:
  version "4.7.3"
  resolved "https://registry.npmjs.org/typescript/-/typescript-4.7.3.tgz"
  integrity sha512-WOkT3XYvrpXx4vMMqlD+8R8R37fZkjyLGlxavMc4iB8lrl8L0DeTcHbYgw/v0N/z9wAFsgBhcsF0ruoySS22mA==

v8-compile-cache-lib@^3.0.1:
  version "3.0.1"
  resolved "https://registry.npmjs.org/v8-compile-cache-lib/-/v8-compile-cache-lib-3.0.1.tgz"
  integrity sha512-wa7YjyUGfNZngI/vtK0UHAN+lgDCxBPCylVXGp0zu59Fz5aiGtNXaq3DhIov063MorB+VfufLh3JlF2KdTK3xg==

vscode-oniguruma@^1.6.1:
  version "1.6.2"
  resolved "https://registry.npmjs.org/vscode-oniguruma/-/vscode-oniguruma-1.6.2.tgz"
  integrity sha512-KH8+KKov5eS/9WhofZR8M8dMHWN2gTxjMsG4jd04YhpbPR91fUj7rYQ2/XjeHCJWbg7X++ApRIU9NUwM2vTvLA==

vscode-textmate@5.2.0:
  version "5.2.0"
  resolved "https://registry.npmjs.org/vscode-textmate/-/vscode-textmate-5.2.0.tgz"
  integrity sha512-Uw5ooOQxRASHgu6C7GVvUxisKXfSgW4oFlO+aa+PAkgmH89O3CXxEEzNRNtHSqtXFTl0nAC1uYj0GMSH27uwtQ==

wrappy@1:
  version "1.0.2"
  resolved "https://registry.npmjs.org/wrappy/-/wrappy-1.0.2.tgz"
  integrity sha1-tSQ9jz7BqjXxNkYFvA0QNuMKtp8=

yaml@^2.1.1:
  version "2.1.1"
  resolved "https://registry.npmjs.org/yaml/-/yaml-2.1.1.tgz"
  integrity sha512-o96x3OPo8GjWeSLF+wOAbrPfhFOGY0W00GNaxCDv+9hkcDJEnev1yh8S7pgHF0ik6zc8sQLuL8hjHjJULZp8bw==

yn@3.1.1:
  version "3.1.1"
  resolved "https://registry.npmjs.org/yn/-/yn-3.1.1.tgz"
  integrity sha512-Ux4ygGWsu2c7isFWe8Yu1YluJmqVhxqK2cLXNQA5AcC3QfbGNpM7fu0Y8b/z16pXLnFxZYvWhd3fhBY9DLmC6Q==
